dependencies:
- name: postgresql
  repository: oci://registry-1.docker.io/bitnamicharts
  version: 18.5.16
- name: redis
  repository: oci://registry-1.docker.io/bitnamicharts
  version: 25.3.10
digest: sha256:15ccbb41ac0ec3608c956ee6fef56ae1aab006a33011b76313c59a8b286370be
generated: "2026-04-10T12:25:12.633852+08:00"
